
Microsoft Visual Studio Solution File, Format Version 12.00
# Visual Studio Version 17
VisualStudioVersion = 17.8.34408.163
MinimumVisualStudioVersion = 10.0.40219.1
Project("{FAE04EC0-301F-11D3-BF4B-00C04F79EFBC}") = "EasyReasy.FileStorage", "EasyReasy.FileStorage\EasyReasy.FileStorage.csproj", "{7E10FC10-ACE1-4EC2-BA4F-582EB3737093}"
EndProject
Project("{FAE04EC0-301F-11D3-BF4B-00C04F79EFBC}") = "EasyReasy.FileStorage.Tests", "EasyReasy.FileStorage.Tests\EasyReasy.FileStorage.Tests.csproj", "{6EED73AD-8BFF-4201-9910-C6CDBD29C1B8}"
EndProject
Project("{FAE04EC0-301F-11D3-BF4B-00C04F79EFBC}") = "EasyReasy.FileStorage.Server", "EasyReasy.FileStorage.Server\EasyReasy.FileStorage.Server.csproj", "{45D5D505-8456-49B1-84B7-EC08BBC71AB4}"
EndProject
Project("{FAE04EC0-301F-11D3-BF4B-00C04F79EFBC}") = "EasyReasy.FileStorage.Remote.Common", "EasyReasy.FileStorage.Remote.Common\EasyReasy.FileStorage.Remote.Common.csproj", "{F4419EAD-84F7-44A5-83E7-04D86723FFD9}"
EndProject
Global
	GlobalSection(SolutionConfigurationPlatforms) = preSolution
		Debug|Any CPU = Debug|Any CPU
		Release|Any CPU = Release|Any CPU
	EndGlobalSection
	GlobalSection(ProjectConfigurationPlatforms) = postSolution
		{7E10FC10-ACE1-4EC2-BA4F-582EB3737093}.Debug|Any CPU.ActiveCfg = Debug|Any CPU
		{7E10FC10-ACE1-4EC2-BA4F-582EB3737093}.Debug|Any CPU.Build.0 = Debug|Any CPU
		{7E10FC10-ACE1-4EC2-BA4F-582EB3737093}.Release|Any CPU.ActiveCfg = Release|Any CPU
		{7E10FC10-ACE1-4EC2-BA4F-582EB3737093}.Release|Any CPU.Build.0 = Release|Any CPU
		{6EED73AD-8BFF-4201-9910-C6CDBD29C1B8}.Debug|Any CPU.ActiveCfg = Debug|Any CPU
		{6EED73AD-8BFF-4201-9910-C6CDBD29C1B8}.Debug|Any CPU.Build.0 = Debug|Any CPU
		{6EED73AD-8BFF-4201-9910-C6CDBD29C1B8}.Release|Any CPU.ActiveCfg = Release|Any CPU
		{6EED73AD-8BFF-4201-9910-C6CDBD29C1B8}.Release|Any CPU.Build.0 = Release|Any CPU
		{45D5D505-8456-49B1-84B7-EC08BBC71AB4}.Debug|Any CPU.ActiveCfg = Debug|Any CPU
		{45D5D505-8456-49B1-84B7-EC08BBC71AB4}.Debug|Any CPU.Build.0 = Debug|Any CPU
		{45D5D505-8456-49B1-84B7-EC08BBC71AB4}.Release|Any CPU.ActiveCfg = Release|Any CPU
		{45D5D505-8456-49B1-84B7-EC08BBC71AB4}.Release|Any CPU.Build.0 = Release|Any CPU
		{F4419EAD-84F7-44A5-83E7-04D86723FFD9}.Debug|Any CPU.ActiveCfg = Debug|Any CPU
		{F4419EAD-84F7-44A5-83E7-04D86723FFD9}.Debug|Any CPU.Build.0 = Debug|Any CPU
		{F4419EAD-84F7-44A5-83E7-04D86723FFD9}.Release|Any CPU.ActiveCfg = Release|Any CPU
		{F4419EAD-84F7-44A5-83E7-04D86723FFD9}.Release|Any CPU.Build.0 = Release|Any CPU
	EndGlobalSection
	GlobalSection(SolutionProperties) = preSolution
		HideSolutionNode = FALSE
	EndGlobalSection
	GlobalSection(ExtensibilityGlobals) = postSolution
		SolutionGuid = {A3744070-7703-43A3-9965-ADCCE0960FCC}
	EndGlobalSection
EndGlobal
